
Microsoft Visual Studio Solution File, Format Version 12.00
# Visual Studio Version 16
VisualStudioVersion = 16.0.31205.134
MinimumVisualStudioVersion = 10.0.40219.1
Project("{FAE04EC0-301F-11D3-BF4B-00C04F79EFBC}") = "Restaurant_management_software", "Restaurant_management_software\Restaurant_management_software.csproj", "{FE20A39A-1928-4786-A010-9E1A21547E2B}"
EndProject
Global
	GlobalSection(SolutionConfigurationPlatforms) = preSolution
		Debug|Any CPU = Debug|Any CPU
		Release|Any CPU = Release|Any CPU
	EndGlobalSection
	GlobalSection(ProjectConfigurationPlatforms) = postSolution
		{FE20A39A-1928-4786-A010-9E1A21547E2B}.Debug|Any CPU.ActiveCfg = Debug|Any CPU
		{FE20A39A-1928-4786-A010-9E1A21547E2B}.Debug|Any CPU.Build.0 = Debug|Any CPU
		{FE20A39A-1928-4786-A010-9E1A21547E2B}.Release|Any CPU.ActiveCfg = Release|Any CPU
		{FE20A39A-1928-4786-A010-9E1A21547E2B}.Release|Any CPU.Build.0 = Release|Any CPU
	EndGlobalSection
	GlobalSection(SolutionProperties) = preSolution
		HideSolutionNode = FALSE
	EndGlobalSection
	GlobalSection(ExtensibilityGlobals) = postSolution
		SolutionGuid = {167BD7EC-EE10-4DEE-804E-34077D36569F}
	EndGlobalSection
EndGlobal
